
Microsoft Visual Studio Solution File, Format Version 12.00
# Visual Studio Version 17
VisualStudioVersion = 17.3.32929.385
MinimumVisualStudioVersion = 10.0.40219.1
Project("{FAE04EC0-301F-11D3-BF4B-00C04F79EFBC}") = "Test1_Vinay_Area_Perimeter_Of_Circle", "Test1_Vinay_Area_Perimeter_Of_Circle\Test1_Vinay_Area_Perimeter_Of_Circle.csproj", "{B38EC83A-9427-44F0-841B-C87192D18A24}"
EndProject
Global
	GlobalSection(SolutionConfigurationPlatforms) = preSolution
		Debug|Any CPU = Debug|Any CPU
		Release|Any CPU = Release|Any CPU
	EndGlobalSection
	GlobalSection(ProjectConfigurationPlatforms) = postSolution
		{B38EC83A-9427-44F0-841B-C87192D18A24}.Debug|Any CPU.ActiveCfg = Debug|Any CPU
		{B38EC83A-9427-44F0-841B-C87192D18A24}.Debug|Any CPU.Build.0 = Debug|Any CPU
		{B38EC83A-9427-44F0-841B-C87192D18A24}.Release|Any CPU.ActiveCfg = Release|Any CPU
		{B38EC83A-9427-44F0-841B-C87192D18A24}.Release|Any CPU.Build.0 = Release|Any CPU
	EndGlobalSection
	GlobalSection(SolutionProperties) = preSolution
		HideSolutionNode = FALSE
	EndGlobalSection
	GlobalSection(ExtensibilityGlobals) = postSolution
		SolutionGuid = {E1DD6B7A-5252-4C7B-BF32-524C0955FBE4}
	EndGlobalSection
EndGlobal
